<Solution>
  <Configurations>
    <Platform Name="x64" />
  </Configurations>
  <Folder Name="/src/">
    <Project Path="src/DistrictAI/DistrictAI.csproj" />
    <Project Path="src/DistrictAI.Core/DistrictAI.Core.csproj" />
  </Folder>
  <Folder Name="/tests/">
    <Project Path="tests/DistrictAI.Core.Tests/DistrictAI.Core.Tests.csproj" />
    <Project Path="tests/DistrictAI.Spikes/DistrictAI.Spikes.csproj" />
    <Project Path="tests/DistrictAI.Spikes.Tests/DistrictAI.Spikes.Tests.csproj" />
  </Folder>
  <Folder Name="/spikes/">
    <Project Path="spikes/AotProbe/AotProbe.csproj" />
  </Folder>
</Solution>
